{
  "originHash" : "82c3b88dcb9c51c9b4b33b8f0e3f50b3b4ef7a6df2e4734c154750926465c918",
  "pins" : [
    {
      "identity" : "javascriptkit",
      "kind" : "remoteSourceControl",
      "location" : "https://github.com/swiftwasm/JavaScriptKit",
      "state" : {
        "branch" : "0.36.0",
        "revision" : "a069e3af73ab950220d054d2488120b8f54585cf"
      }
    },
    {
      "identity" : "swift-syntax",
      "kind" : "remoteSourceControl",
      "location" : "https://github.com/swiftlang/swift-syntax",
      "state" : {
        "revision" : "f99ae8aa18f0cf0d53481901f88a0991dc3bd4a2",
        "version" : "601.0.1"
      }
    }
  ],
  "version" : 3
}
